// !$*UTF8*$!
{
	archiveVersion = 1;
	classes = {
	};
	objectVersion = 56;
	objects = {

/* Begin PBXBuildFile section */
		351ABBA429D398E500A91567 /* a_eyeApp.swift in Sources */ = {isa = PBXBuildFile; fileRef = 351ABBA329D398E500A91567 /* a_eyeApp.swift */; };
		351ABBA629D398E500A91567 /* ContentView.swift in Sources */ = {isa = PBXBuildFile; fileRef = 351ABBA529D398E500A91567 /* ContentView.swift */; };
		351ABBA829D398E600A91567 /* Assets.xcassets in Resources */ = {isa = PBXBuildFile; fileRef = 351ABBA729D398E600A91567 /* Assets.xcassets */; };
		351ABBAB29D398E600A91567 /* Preview Assets.xcassets in Resources */ = {isa = PBXBuildFile; fileRef = 351ABBAA29D398E600A91567 /* Preview Assets.xcassets */; };
		351ABBB329D3991000A91567 /* CoreBluetooth.framework in Frameworks */ = {isa = PBXBuildFile; fileRef = 351ABBB229D3991000A91567 /* CoreBluetooth.framework */; };
		354CD31129D4246C00E786E4 /* ViewController.swift in Sources */ = {isa = PBXBuildFile; fileRef = 354CD31029D4246C00E786E4 /* ViewController.swift */; };
		354CD31329D435A300E786E4 /* SplashScreenView.swift in Sources */ = {isa = PBXBuildFile; fileRef = 354CD31229D435A300E786E4 /* SplashScreenView.swift */; };
		354CD31529D4786E00E786E4 /* ApiKeys.swift in Sources */ = {isa = PBXBuildFile; fileRef = 354CD31429D4786D00E786E4 /* ApiKeys.swift */; };
		354CD31729D478B500E786E4 /* OpenAIService.swift in Sources */ = {isa = PBXBuildFile; fileRef = 354CD31629D478B500E786E4 /* OpenAIService.swift */; };
		354CD31A29D4799800E786E4 /* Alamofire in Frameworks */ = {isa = PBXBuildFile; productRef = 354CD31929D4799800E786E4 /* Alamofire */; };
/* End PBXBuildFile section */

/* Begin PBXFileReference section */
		351ABBA029D398E500A91567 /* a eye.app */ = {isa = PBXFileReference; explicitFileType = wrapper.application; includeInIndex = 0; path = "a eye.app"; sourceTree = BUILT_PRODUCTS_DIR; };
		351ABBA329D398E500A91567 /* a_eyeApp.swift */ = {isa = PBXFileReference; lastKnownFileType = sourcecode.swift; path = a_eyeApp.swift; sourceTree = "<group>"; };
		351ABBA529D398E500A91567 /* ContentView.swift */ = {isa = PBXFileReference; lastKnownFileType = sourcecode.swift; path = ContentView.swift; sourceTree = "<group>"; };
		351ABBA729D398E600A91567 /* Assets.xcassets */ = {isa = PBXFileReference; lastKnownFileType = folder.assetcatalog; path = Assets.xcassets; sourceTree = "<group>"; };
		351ABBAA29D398E600A91567 /* Preview Assets.xcassets */ = {isa = PBXFileReference; lastKnownFileType = folder.assetcatalog; path = "Preview Assets.xcassets"; sourceTree = "<group>"; };
		351ABBB229D3991000A91567 /* CoreBluetooth.framework */ = {isa = PBXFileReference; lastKnownFileType = wrapper.framework; name = CoreBluetooth.framework; path = System/Library/Frameworks/CoreBluetooth.framework; sourceTree = SDKROOT; };
		351ABBB429D3991500A91567 /* a eye.entitlements */ = {isa = PBXFileReference; lastKnownFileType = text.plist.entitlements; path = "a eye.entitlements"; sourceTree = "<group>"; };
		351ABBB529D3992200A91567 /* a-eye-Info.plist */ = {isa = PBXFileReference; lastKnownFileType = text.plist; path = "a-eye-Info.plist"; sourceTree = SOURCE_ROOT; };
		354CD31029D4246C00E786E4 /* ViewController.swift */ = {isa = PBXFileReference; lastKnownFileType = sourcecode.swift; path = ViewController.swift; sourceTree = "<group>"; };
		354CD31229D435A300E786E4 /* SplashScreenView.swift */ = {isa = PBXFileReference; lastKnownFileType = sourcecode.swift; path = SplashScreenView.swift; sourceTree = "<group>"; };
		354CD31429D4786D00E786E4 /* ApiKeys.swift */ = {isa = PBXFileReference; lastKnownFileType = sourcecode.swift; path = ApiKeys.swift; sourceTree = "<group>"; };
		354CD31629D478B500E786E4 /* OpenAIService.swift */ = {isa = PBXFileReference; lastKnownFileType = sourcecode.swift; path = OpenAIService.swift; sourceTree = "<group>"; };
/* End PBXFileReference section */

/* Begin PBXFrameworksBuildPhase section */
		351ABB9D29D398E500A91567 /* Frameworks */ = {
			isa = PBXFrameworksBuildPhase;
			buildActionMask = 2147483647;
			files = (
				351ABBB329D3991000A91567 /* CoreBluetooth.framework in Frameworks */,
				354CD31A29D4799800E786E4 /* Alamofire in Frameworks */,
			);
			runOnlyForDeploymentPostprocessing = 0;
		};
/* End PBXFrameworksBuildPhase section */

/* Begin PBXGroup section */
		351ABB9729D398E500A91567 = {
			isa = PBXGroup;
			children = (
				351ABBA229D398E500A91567 /* a eye */,
				351ABBA129D398E500A91567 /* Products */,
				351ABBB129D3991000A91567 /* Frameworks */,
			);
			sourceTree = "<group>";
		};
		351ABBA129D398E500A91567 /* Products */ = {
			isa = PBXGroup;
			children = (
				351ABBA029D398E500A91567 /* a eye.app */,
			);
			name = Products;
			sourceTree = "<group>";
		};
		351ABBA229D398E500A91567 /* a eye */ = {
			isa = PBXGroup;
			children = (
				351ABBB529D3992200A91567 /* a-eye-Info.plist */,
				354CD31029D4246C00E786E4 /* ViewController.swift */,
				351ABBB429D3991500A91567 /* a eye.entitlements */,
				351ABBA529D398E500A91567 /* ContentView.swift */,
				354CD31429D4786D00E786E4 /* ApiKeys.swift */,
				354CD31629D478B500E786E4 /* OpenAIService.swift */,
				354CD31229D435A300E786E4 /* SplashScreenView.swift */,
				351ABBA329D398E500A91567 /* a_eyeApp.swift */,
				351ABBA729D398E600A91567 /* Assets.xcassets */,
				351ABBA929D398E600A91567 /* Preview Content */,
			);
			path = "a eye";
			sourceTree = "<group>";
		};
		351ABBA929D398E600A91567 /* Preview Content */ = {
			isa = PBXGroup;
			children = (
				351ABBAA29D398E600A91567 /* Preview Assets.xcassets */,
			);
			path = "Preview Content";
			sourceTree = "<group>";
		};
		351ABBB129D3991000A91567 /* Frameworks */ = {
			isa = PBXGroup;
			children = (
				351ABBB229D3991000A91567 /* CoreBluetooth.framework */,
			);
			name = Frameworks;
			sourceTree = "<group>";
		};
/* End PBXGroup section */

/* Begin PBXNativeTarget section */
		351ABB9F29D398E500A91567 /* a eye */ = {
			isa = PBXNativeTarget;
			buildConfigurationList = 351ABBAE29D398E600A91567 /* Build configuration list for PBXNativeTarget "a eye" */;
			buildPhases = (
				351ABB9C29D398E500A91567 /* Sources */,
				351ABB9D29D398E500A91567 /* Frameworks */,
				351ABB9E29D398E500A91567 /* Resources */,
			);
			buildRules = (
			);
			dependencies = (
			);
			name = "a eye";
			packageProductDependencies = (
				354CD31929D4799800E786E4 /* Alamofire */,
			);
			productName = "a eye";
			productReference = 351ABBA029D398E500A91567 /* a eye.app */;
			productType = "com.apple.product-type.application";
		};
/* End PBXNativeTarget section */

/* Begin PBXProject section */
		351ABB9829D398E500A91567 /* Project object */ = {
			isa = PBXProject;
			attributes = {
				BuildIndependentTargetsInParallel = 1;
				LastSwiftUpdateCheck = 1420;
				LastUpgradeCheck = 1420;
				TargetAttributes = {
					351ABB9F29D398E500A91567 = {
						CreatedOnToolsVersion = 14.2;
					};
				};
			};
			buildConfigurationList = 351ABB9B29D398E500A91567 /* Build configuration list for PBXProject "a eye" */;
			compatibilityVersion = "Xcode 14.0";
			developmentRegion = en;
			hasScannedForEncodings = 0;
			knownRegions = (
				en,
				Base,
			);
			mainGroup = 351ABB9729D398E500A91567;
			packageReferences = (
				354CD31829D4799800E786E4 /* XCRemoteSwiftPackageReference "Alamofire" */,
			);
			productRefGroup = 351ABBA129D398E500A91567 /* Products */;
			projectDirPath = "";
			projectRoot = "";
			targets = (
				351ABB9F29D398E500A91567 /* a eye */,
			);
		};
/* End PBXProject section */

/* Begin PBXResourcesBuildPhase section */
		351ABB9E29D398E500A91567 /* Resources */ = {
			isa = PBXResourcesBuildPhase;
			buildActionMask = 2147483647;
			files = (
				351ABBAB29D398E600A91567 /* Preview Assets.xcassets in Resources */,
				351ABBA829D398E600A91567 /* Assets.xcassets in Resources */,
			);
			runOnlyForDeploymentPostprocessing = 0;
		};
/* End PBXResourcesBuildPhase section */

/* Begin PBXSourcesBuildPhase section */
		351ABB9C29D398E500A91567 /* Sources */ = {
			isa = PBXSourcesBuildPhase;
			buildActionMask = 2147483647;
			files = (
				354CD31129D4246C00E786E4 /* ViewController.swift in Sources */,
				351ABBA629D398E500A91567 /* ContentView.swift in Sources */,
				351ABBA429D398E500A91567 /* a_eyeApp.swift in Sources */,
				354CD31329D435A300E786E4 /* SplashScreenView.swift in Sources */,
				354CD31529D4786E00E786E4 /* ApiKeys.swift in Sources */,
				354CD31729D478B500E786E4 /* OpenAIService.swift in Sources */,
			);
			runOnlyForDeploymentPostprocessing = 0;
		};
/* End PBXSourcesBuildPhase section */

/* Begin XCBuildConfiguration section */
		351ABBAC29D398E600A91567 /* Debug */ = {
			isa = XCBuildConfiguration;
			buildSettings = {
				ALWAYS_SEARCH_USER_PATHS = NO;
				CLANG_ANALYZER_NONNULL = YES;
				CLANG_ANALYZER_NUMBER_OBJECT_CONVERSION = YES_AGGRESSIVE;
				CLANG_CXX_LANGUAGE_STANDARD = "gnu++20";
				CLANG_ENABLE_MODULES = YES;
				CLANG_ENABLE_OBJC_ARC = YES;
				CLANG_ENABLE_OBJC_WEAK = YES;
				CLANG_WARN_BLOCK_CAPTURE_AUTORELEASING = YES;
				CLANG_WARN_BOOL_CONVERSION = YES;
				CLANG_WARN_COMMA = YES;
				CLANG_WARN_CONSTANT_CONVERSION = YES;
				CLANG_WARN_DEPRECATED_OBJC_IMPLEMENTATIONS = YES;
				CLANG_WARN_DIRECT_OBJC_ISA_USAGE = YES_ERROR;
				CLANG_WARN_DOCUMENTATION_COMMENTS = YES;
				CLANG_WARN_EMPTY_BODY = YES;
				CLANG_WARN_ENUM_CONVERSION = YES;
				CLANG_WARN_INFINITE_RECURSION = YES;
				CLANG_WARN_INT_CONVERSION = YES;
				CLANG_WARN_NON_LITERAL_NULL_CONVERSION = YES;
				CLANG_WARN_OBJC_IMPLICIT_RETAIN_SELF = YES;
				CLANG_WARN_OBJC_LITERAL_CONVERSION = YES;
				CLANG_WARN_OBJC_ROOT_CLASS = YES_ERROR;
				CLANG_WARN_QUOTED_INCLUDE_IN_FRAMEWORK_HEADER = YES;
				CLANG_WARN_RANGE_LOOP_ANALYSIS = YES;
				CLANG_WARN_STRICT_PROTOTYPES = YES;
				CLANG_WARN_SUSPICIOUS_MOVE = YES;
				CLANG_WARN_UNGUARDED_AVAILABILITY = YES_AGGRESSIVE;
				CLANG_WARN_UNREACHABLE_CODE = YES;
				CLANG_WARN__DUPLICATE_METHOD_MATCH = YES;
				COPY_PHASE_STRIP = NO;
				DEBUG_INFORMATION_FORMAT = dwarf;
				ENABLE_STRICT_OBJC_MSGSEND = YES;
				ENABLE_TESTABILITY = YES;
				GCC_C_LANGUAGE_STANDARD = gnu11;
				GCC_DYNAMIC_NO_PIC = NO;
				GCC_NO_COMMON_BLOCKS = YES;
				GCC_OPTIMIZATION_LEVEL = 0;
				GCC_PREPROCESSOR_DEFINITIONS = (
					"DEBUG=1",
					"$(inherited)",
				);
				GCC_WARN_64_TO_32_BIT_CONVERSION = YES;
				GCC_WARN_ABOUT_RETURN_TYPE = YES_ERROR;
				GCC_WARN_UNDECLARED_SELECTOR = YES;
				GCC_WARN_UNINITIALIZED_AUTOS = YES_AGGRESSIVE;
				GCC_WARN_UNUSED_FUNCTION = YES;
				GCC_WARN_UNUSED_VARIABLE = YES;
				IPHONEOS_DEPLOYMENT_TARGET = 16.2;
				MTL_ENABLE_DEBUG_INFO = INCLUDE_SOURCE;
				MTL_FAST_MATH = YES;
				ONLY_ACTIVE_ARCH = YES;
				SDKROOT = iphoneos;
				SWIFT_ACTIVE_COMPILATION_CONDITIONS = DEBUG;
				SWIFT_OPTIMIZATION_LEVEL = "-Onone";
			};
			name = Debug;
		};
		351ABBAD29D398E600A91567 /* Release */ = {
			isa = XCBuildConfiguration;
			buildSettings = {
				ALWAYS_SEARCH_USER_PATHS = NO;
				CLANG_ANALYZER_NONNULL = YES;
				CLANG_ANALYZER_NUMBER_OBJECT_CONVERSION = YES_AGGRESSIVE;
				CLANG_CXX_LANGUAGE_STANDARD = "gnu++20";
				CLANG_ENABLE_MODULES = YES;
				CLANG_ENABLE_OBJC_ARC = YES;
				CLANG_ENABLE_OBJC_WEAK = YES;
				CLANG_WARN_BLOCK_CAPTURE_AUTORELEASING = YES;
				CLANG_WARN_BOOL_CONVERSION = YES;
				CLANG_WARN_COMMA = YES;
				CLANG_WARN_CONSTANT_CONVERSION = YES;
				CLANG_WARN_DEPRECATED_OBJC_IMPLEMENTATIONS = YES;
				CLANG_WARN_DIRECT_OBJC_ISA_USAGE = YES_ERROR;
				CLANG_WARN_DOCUMENTATION_COMMENTS = YES;
				CLANG_WARN_EMPTY_BODY = YES;
				CLANG_WARN_ENUM_CONVERSION = YES;
				CLANG_WARN_INFINITE_RECURSION = YES;
				CLANG_WARN_INT_CONVERSION = YES;
				CLANG_WARN_NON_LITERAL_NULL_CONVERSION = YES;
				CLANG_WARN_OBJC_IMPLICIT_RETAIN_SELF = YES;
				CLANG_WARN_OBJC_LITERAL_CONVERSION = YES;
				CLANG_WARN_OBJC_ROOT_CLASS = YES_ERROR;
				CLANG_WARN_QUOTED_INCLUDE_IN_FRAMEWORK_HEADER = YES;
				CLANG_WARN_RANGE_LOOP_ANALYSIS = YES;
				CLANG_WARN_STRICT_PROTOTYPES = YES;
				CLANG_WARN_SUSPICIOUS_MOVE = YES;
				CLANG_WARN_UNGUARDED_AVAILABILITY = YES_AGGRESSIVE;
				CLANG_WARN_UNREACHABLE_CODE = YES;
				CLANG_WARN__DUPLICATE_METHOD_MATCH = YES;
				COPY_PHASE_STRIP = NO;
				DEBUG_INFORMATION_FORMAT = "dwarf-with-dsym";
				ENABLE_NS_ASSERTIONS = NO;
				ENABLE_STRICT_OBJC_MSGSEND = YES;
				GCC_C_LANGUAGE_STANDARD = gnu11;
				GCC_NO_COMMON_BLOCKS = YES;
				GCC_WARN_64_TO_32_BIT_CONVERSION = YES;
				GCC_WARN_ABOUT_RETURN_TYPE = YES_ERROR;
				GCC_WARN_UNDECLARED_SELECTOR = YES;
				GCC_WARN_UNINITIALIZED_AUTOS = YES_AGGRESSIVE;
				GCC_WARN_UNUSED_FUNCTION = YES;
				GCC_WARN_UNUSED_VARIABLE = YES;
				IPHONEOS_DEPLOYMENT_TARGET = 16.2;
				MTL_ENABLE_DEBUG_INFO = NO;
				MTL_FAST_MATH = YES;
				SDKROOT = iphoneos;
				SWIFT_COMPILATION_MODE = wholemodule;
				SWIFT_OPTIMIZATION_LEVEL = "-O";
				VALIDATE_PRODUCT = YES;
			};
			name = Release;
		};
		351ABBAF29D398E600A91567 /* Debug */ = {
			isa = XCBuildConfiguration;
			buildSettings = {
				ASSETCATALOG_COMPILER_APPICON_NAME = AppIcon;
				ASSETCATALOG_COMPILER_GLOBAL_ACCENT_COLOR_NAME = AccentColor;
				CODE_SIGN_ENTITLEMENTS = "a eye/a eye.entitlements";
				CODE_SIGN_IDENTITY = "Apple Development";
				CODE_SIGN_STYLE = Automatic;
				CURRENT_PROJECT_VERSION = 1;
				DEVELOPMENT_ASSET_PATHS = "\"a eye/Preview Content\"";
				DEVELOPMENT_TEAM = TWKJ9RPH32;
				ENABLE_PREVIEWS = YES;
				GENERATE_INFOPLIST_FILE = YES;
				INFOPLIST_FILE = "a-eye-Info.plist";
				INFOPLIST_KEY_NSBluetoothAlwaysUsageDescription = "Bluetooth access is requried to communicate with Monocle in the background.";
				INFOPLIST_KEY_NSBluetoothPeripheralUsageDescription = "Bluetooth access is requried to communicate with Monocle.";
				INFOPLIST_KEY_UIApplicationSceneManifest_Generation = YES;
				INFOPLIST_KEY_UIApplicationSupportsIndirectInputEvents = YES;
				INFOPLIST_KEY_UILaunchScreen_Generation = YES;
				INFOPLIST_KEY_UIStatusBarStyle = "";
				INFOPLIST_KEY_UISupportedInterfaceOrientations_iPad = "UIInterfaceOrientationPortrait UIInterfaceOrientationPortraitUpsideDown UIInterfaceOrientationLandscapeLeft UIInterfaceOrientationLandscapeRight";
				INFOPLIST_KEY_UISupportedInterfaceOrientations_iPhone = "UIInterfaceOrientationPortrait UIInterfaceOrientationLandscapeLeft UIInterfaceOrientationLandscapeRight";
				LD_RUNPATH_SEARCH_PATHS = (
					"$(inherited)",
					"@executable_path/Frameworks",
				);
				MARKETING_VERSION = 1.0;
				PRODUCT_BUNDLE_IDENTIFIER = "xyz.brilliantlabs.a-eye";
				PRODUCT_NAME = "$(TARGET_NAME)";
				PROVISIONING_PROFILE_SPECIFIER = "";
				SWIFT_EMIT_LOC_STRINGS = YES;
				SWIFT_VERSION = 5.0;
				TARGETED_DEVICE_FAMILY = "1,2";
			};
			name = Debug;
		};
		351ABBB029D398E600A91567 /* Release */ = {
			isa = XCBuildConfiguration;
			buildSettings = {
				ASSETCATALOG_COMPILER_APPICON_NAME = AppIcon;
				ASSETCATALOG_COMPILER_GLOBAL_ACCENT_COLOR_NAME = AccentColor;
				CODE_SIGN_ENTITLEMENTS = "a eye/a eye.entitlements";
				CODE_SIGN_IDENTITY = "Apple Development";
				CODE_SIGN_STYLE = Automatic;
				CURRENT_PROJECT_VERSION = 1;
				DEVELOPMENT_ASSET_PATHS = "\"a eye/Preview Content\"";
				DEVELOPMENT_TEAM = TWKJ9RPH32;
				ENABLE_PREVIEWS = YES;
				GENERATE_INFOPLIST_FILE = YES;
				INFOPLIST_FILE = "a-eye-Info.plist";
				INFOPLIST_KEY_NSBluetoothAlwaysUsageDescription = "Bluetooth access is requried to communicate with Monocle in the background.";
				INFOPLIST_KEY_NSBluetoothPeripheralUsageDescription = "Bluetooth access is requried to communicate with Monocle.";
				INFOPLIST_KEY_UIApplicationSceneManifest_Generation = YES;
				INFOPLIST_KEY_UIApplicationSupportsIndirectInputEvents = YES;
				INFOPLIST_KEY_UILaunchScreen_Generation = YES;
				INFOPLIST_KEY_UIStatusBarStyle = "";
				INFOPLIST_KEY_UISupportedInterfaceOrientations_iPad = "UIInterfaceOrientationPortrait UIInterfaceOrientationPortraitUpsideDown UIInterfaceOrientationLandscapeLeft UIInterfaceOrientationLandscapeRight";
				INFOPLIST_KEY_UISupportedInterfaceOrientations_iPhone = "UIInterfaceOrientationPortrait UIInterfaceOrientationLandscapeLeft UIInterfaceOrientationLandscapeRight";
				LD_RUNPATH_SEARCH_PATHS = (
					"$(inherited)",
					"@executable_path/Frameworks",
				);
				MARKETING_VERSION = 1.0;
				PRODUCT_BUNDLE_IDENTIFIER = "xyz.brilliantlabs.a-eye";
				PRODUCT_NAME = "$(TARGET_NAME)";
				PROVISIONING_PROFILE_SPECIFIER = "";
				SWIFT_EMIT_LOC_STRINGS = YES;
				SWIFT_VERSION = 5.0;
				TARGETED_DEVICE_FAMILY = "1,2";
			};
			name = Release;
		};
/* End XCBuildConfiguration section */

/* Begin XCConfigurationList section */
		351ABB9B29D398E500A91567 /* Build configuration list for PBXProject "a eye" */ = {
			isa = XCConfigurationList;
			buildConfigurations = (
				351ABBAC29D398E600A91567 /* Debug */,
				351ABBAD29D398E600A91567 /* Release */,
			);
			defaultConfigurationIsVisible = 0;
			defaultConfigurationName = Release;
		};
		351ABBAE29D398E600A91567 /* Build configuration list for PBXNativeTarget "a eye" */ = {
			isa = XCConfigurationList;
			buildConfigurations = (
				351ABBAF29D398E600A91567 /* Debug */,
				351ABBB029D398E600A91567 /* Release */,
			);
			defaultConfigurationIsVisible = 0;
			defaultConfigurationName = Release;
		};
/* End XCConfigurationList section */

/* Begin XCRemoteSwiftPackageReference section */
		354CD31829D4799800E786E4 /* XCRemoteSwiftPackageReference "Alamofire" */ = {
			isa = XCRemoteSwiftPackageReference;
			repositoryURL = "https://github.com/Alamofire/Alamofire";
			requirement = {
				kind = upToNextMinorVersion;
				minimumVersion = 5.6.0;
			};
		};
/* End XCRemoteSwiftPackageReference section */

/* Begin XCSwiftPackageProductDependency section */
		354CD31929D4799800E786E4 /* Alamofire */ = {
			isa = XCSwiftPackageProductDependency;
			package = 354CD31829D4799800E786E4 /* XCRemoteSwiftPackageReference "Alamofire" */;
			productName = Alamofire;
		};
/* End XCSwiftPackageProductDependency section */
	};
	rootObject = 351ABB9829D398E500A91567 /* Project object */;
}
